
Microsoft Visual Studio Solution File, Format Version 11.00
# Visual Studio 2010
Project("{FAE04EC0-301F-11D3-BF4B-00C04F79EFBC}") = "RJPK", "RJPK\RJPK.csproj", "{2F691463-BCAB-4874-845A-17448FC1D6C9}"
EndProject
Project("{54435603-DBB4-11D2-8724-00A0C9A8B90C}") = "SetupRJPK", "SetupRJPK\SetupRJPK.vdproj", "{20485ACD-11BA-45B7-8295-9C2AE3B8FF9A}"
EndProject
Global
	GlobalSection(SolutionConfigurationPlatforms) = preSolution
		Debug|x86 = Debug|x86
		Release|x86 = Release|x86
	EndGlobalSection
	GlobalSection(ProjectConfigurationPlatforms) = postSolution
		{2F691463-BCAB-4874-845A-17448FC1D6C9}.Debug|x86.ActiveCfg = Debug|x86
		{2F691463-BCAB-4874-845A-17448FC1D6C9}.Debug|x86.Build.0 = Debug|x86
		{2F691463-BCAB-4874-845A-17448FC1D6C9}.Release|x86.ActiveCfg = Release|x86
		{2F691463-BCAB-4874-845A-17448FC1D6C9}.Release|x86.Build.0 = Release|x86
		{20485ACD-11BA-45B7-8295-9C2AE3B8FF9A}.Debug|x86.ActiveCfg = Debug
		{20485ACD-11BA-45B7-8295-9C2AE3B8FF9A}.Release|x86.ActiveCfg = Release
	EndGlobalSection
	GlobalSection(SolutionProperties) = preSolution
		HideSolutionNode = FALSE
	EndGlobalSection
EndGlobal
